
Microsoft Visual Studio Solution File, Format Version 12.00
# Visual Studio Version 17
VisualStudioVersion = 17.8.34511.84
MinimumVisualStudioVersion = 10.0.40219.1
Project("{8BC9CEB8-8B4A-11D0-8D11-00A0C91BC942}") = "ProjectII", "ProjectII\ProjectII.vcxproj", "{02D8BC8B-1A6A-4D49-A2DF-095F6FB75E3D}"
EndProject

Project("{8BC9CEB8-8B4A-11D0-8D11-00A0C91BC942}") = "Tyler Tests", "Tyler Tests\Tyler Tests.vcxproj", "{D949BB23-075F-4ABF-9B5F-6FB5DE5F4F53}"

Project("{8BC9CEB8-8B4A-11D0-8D11-00A0C91BC942}") = "UnitTest_Pen", "UnitTest_Pen\UnitTest_Pen.vcxproj", "{15E8EFFD-81E6-4777-8295-6462C25AB0AA}"

EndProject
Global
	GlobalSection(SolutionConfigurationPlatforms) = preSolution
		Debug|x64 = Debug|x64
		Debug|x86 = Debug|x86
		Release|x64 = Release|x64
		Release|x86 = Release|x86
	EndGlobalSection
	GlobalSection(ProjectConfigurationPlatforms) = postSolution
		{02D8BC8B-1A6A-4D49-A2DF-095F6FB75E3D}.Debug|x64.ActiveCfg = Debug|x64
		{02D8BC8B-1A6A-4D49-A2DF-095F6FB75E3D}.Debug|x64.Build.0 = Debug|x64
		{02D8BC8B-1A6A-4D49-A2DF-095F6FB75E3D}.Debug|x86.ActiveCfg = Debug|Win32
		{02D8BC8B-1A6A-4D49-A2DF-095F6FB75E3D}.Debug|x86.Build.0 = Debug|Win32
		{02D8BC8B-1A6A-4D49-A2DF-095F6FB75E3D}.Release|x64.ActiveCfg = Release|x64
		{02D8BC8B-1A6A-4D49-A2DF-095F6FB75E3D}.Release|x64.Build.0 = Release|x64
		{02D8BC8B-1A6A-4D49-A2DF-095F6FB75E3D}.Release|x86.ActiveCfg = Release|Win32
		{02D8BC8B-1A6A-4D49-A2DF-095F6FB75E3D}.Release|x86.Build.0 = Release|Win32

		{D949BB23-075F-4ABF-9B5F-6FB5DE5F4F53}.Debug|x64.ActiveCfg = Debug|x64
		{D949BB23-075F-4ABF-9B5F-6FB5DE5F4F53}.Debug|x64.Build.0 = Debug|x64
		{D949BB23-075F-4ABF-9B5F-6FB5DE5F4F53}.Debug|x86.ActiveCfg = Debug|Win32
		{D949BB23-075F-4ABF-9B5F-6FB5DE5F4F53}.Debug|x86.Build.0 = Debug|Win32
		{D949BB23-075F-4ABF-9B5F-6FB5DE5F4F53}.Release|x64.ActiveCfg = Release|x64
		{D949BB23-075F-4ABF-9B5F-6FB5DE5F4F53}.Release|x64.Build.0 = Release|x64
		{D949BB23-075F-4ABF-9B5F-6FB5DE5F4F53}.Release|x86.ActiveCfg = Release|Win32
		{D949BB23-075F-4ABF-9B5F-6FB5DE5F4F53}.Release|x86.Build.0 = Release|Win32

		{15E8EFFD-81E6-4777-8295-6462C25AB0AA}.Debug|x64.ActiveCfg = Debug|x64
		{15E8EFFD-81E6-4777-8295-6462C25AB0AA}.Debug|x64.Build.0 = Debug|x64
		{15E8EFFD-81E6-4777-8295-6462C25AB0AA}.Debug|x86.ActiveCfg = Debug|Win32
		{15E8EFFD-81E6-4777-8295-6462C25AB0AA}.Debug|x86.Build.0 = Debug|Win32
		{15E8EFFD-81E6-4777-8295-6462C25AB0AA}.Release|x64.ActiveCfg = Release|x64
		{15E8EFFD-81E6-4777-8295-6462C25AB0AA}.Release|x64.Build.0 = Release|x64
		{15E8EFFD-81E6-4777-8295-6462C25AB0AA}.Release|x86.ActiveCfg = Release|Win32
		{15E8EFFD-81E6-4777-8295-6462C25AB0AA}.Release|x86.Build.0 = Release|Win32

	EndGlobalSection
	GlobalSection(SolutionProperties) = preSolution
		HideSolutionNode = FALSE
	EndGlobalSection
	GlobalSection(ExtensibilityGlobals) = postSolution
		SolutionGuid = {1207725C-E43C-46F5-A361-9923811FD60E}
	EndGlobalSection
EndGlobal
